
Microsoft Visual Studio Solution File, Format Version 11.00
# Visual C++ Express 2010
Project("{8BC9CEB8-8B4A-11D0-8D11-00A0C91BC942}") = "uglib", "uglib.vcxproj", "{8E8A46B4-6B62-4BD0-BCAF-BA9CF1090DEA}"
EndProject
Project("{8BC9CEB8-8B4A-11D0-8D11-00A0C91BC942}") = "test-json", "test-json.vcxproj", "{D0C49F36-9ECC-4B87-9360-A7EE570DA73C}"
EndProject
Project("{8BC9CEB8-8B4A-11D0-8D11-00A0C91BC942}") = "uget", "uget.vcxproj", "{A98D36E8-7119-4AC4-8820-65B902C6B69E}"
	ProjectSection(ProjectDependencies) = postProject
		{8E8A46B4-6B62-4BD0-BCAF-BA9CF1090DEA} = {8E8A46B4-6B62-4BD0-BCAF-BA9CF1090DEA}
	EndProjectSection
EndProject
Project("{8BC9CEB8-8B4A-11D0-8D11-00A0C91BC942}") = "test-plugin+app", "test-plugin+app.vcxproj", "{CAD0E048-8211-4F6B-9975-215A526AC645}"
	ProjectSection(ProjectDependencies) = postProject
		{A98D36E8-7119-4AC4-8820-65B902C6B69E} = {A98D36E8-7119-4AC4-8820-65B902C6B69E}
	EndProjectSection
EndProject
Project("{8BC9CEB8-8B4A-11D0-8D11-00A0C91BC942}") = "ui-gtk", "ui-gtk.vcxproj", "{9D164547-3F37-4C14-BCCE-91EB2F3DC317}"
	ProjectSection(ProjectDependencies) = postProject
		{8E8A46B4-6B62-4BD0-BCAF-BA9CF1090DEA} = {8E8A46B4-6B62-4BD0-BCAF-BA9CF1090DEA}
		{A98D36E8-7119-4AC4-8820-65B902C6B69E} = {A98D36E8-7119-4AC4-8820-65B902C6B69E}
	EndProjectSection
EndProject
Project("{8BC9CEB8-8B4A-11D0-8D11-00A0C91BC942}") = "test-jsonrpc", "test-jsonrpc.vcxproj", "{BE2BF360-69F6-406F-A89D-77B0F9A92C04}"
	ProjectSection(ProjectDependencies) = postProject
		{8E8A46B4-6B62-4BD0-BCAF-BA9CF1090DEA} = {8E8A46B4-6B62-4BD0-BCAF-BA9CF1090DEA}
		{A98D36E8-7119-4AC4-8820-65B902C6B69E} = {A98D36E8-7119-4AC4-8820-65B902C6B69E}
	EndProjectSection
EndProject
Project("{8BC9CEB8-8B4A-11D0-8D11-00A0C91BC942}") = "test-uglib", "test-uglib.vcxproj", "{A5591A27-B27A-4FF2-88E6-E6C534C96E02}"
EndProject
Project("{8BC9CEB8-8B4A-11D0-8D11-00A0C91BC942}") = "test-uget", "test-uget.vcxproj", "{FFAC27EA-E43A-4A78-924D-41E868A4F27F}"
	ProjectSection(ProjectDependencies) = postProject
		{A98D36E8-7119-4AC4-8820-65B902C6B69E} = {A98D36E8-7119-4AC4-8820-65B902C6B69E}
	EndProjectSection
EndProject
Global
	GlobalSection(SolutionConfigurationPlatforms) = preSolution
		Debug|Win32 = Debug|Win32
		Release|Win32 = Release|Win32
	EndGlobalSection
	GlobalSection(ProjectConfigurationPlatforms) = postSolution
		{8E8A46B4-6B62-4BD0-BCAF-BA9CF1090DEA}.Debug|Win32.ActiveCfg = Debug|Win32
		{8E8A46B4-6B62-4BD0-BCAF-BA9CF1090DEA}.Debug|Win32.Build.0 = Debug|Win32
		{8E8A46B4-6B62-4BD0-BCAF-BA9CF1090DEA}.Release|Win32.ActiveCfg = Release|Win32
		{8E8A46B4-6B62-4BD0-BCAF-BA9CF1090DEA}.Release|Win32.Build.0 = Release|Win32
		{D0C49F36-9ECC-4B87-9360-A7EE570DA73C}.Debug|Win32.ActiveCfg = Debug|Win32
		{D0C49F36-9ECC-4B87-9360-A7EE570DA73C}.Debug|Win32.Build.0 = Debug|Win32
		{D0C49F36-9ECC-4B87-9360-A7EE570DA73C}.Release|Win32.ActiveCfg = Release|Win32
		{D0C49F36-9ECC-4B87-9360-A7EE570DA73C}.Release|Win32.Build.0 = Release|Win32
		{A98D36E8-7119-4AC4-8820-65B902C6B69E}.Debug|Win32.ActiveCfg = Debug|Win32
		{A98D36E8-7119-4AC4-8820-65B902C6B69E}.Debug|Win32.Build.0 = Debug|Win32
		{A98D36E8-7119-4AC4-8820-65B902C6B69E}.Release|Win32.ActiveCfg = Release|Win32
		{A98D36E8-7119-4AC4-8820-65B902C6B69E}.Release|Win32.Build.0 = Release|Win32
		{CAD0E048-8211-4F6B-9975-215A526AC645}.Debug|Win32.ActiveCfg = Debug|Win32
		{CAD0E048-8211-4F6B-9975-215A526AC645}.Debug|Win32.Build.0 = Debug|Win32
		{CAD0E048-8211-4F6B-9975-215A526AC645}.Release|Win32.ActiveCfg = Release|Win32
		{CAD0E048-8211-4F6B-9975-215A526AC645}.Release|Win32.Build.0 = Release|Win32
		{9D164547-3F37-4C14-BCCE-91EB2F3DC317}.Debug|Win32.ActiveCfg = Debug|Win32
		{9D164547-3F37-4C14-BCCE-91EB2F3DC317}.Debug|Win32.Build.0 = Debug|Win32
		{9D164547-3F37-4C14-BCCE-91EB2F3DC317}.Release|Win32.ActiveCfg = Release|Win32
		{9D164547-3F37-4C14-BCCE-91EB2F3DC317}.Release|Win32.Build.0 = Release|Win32
		{BE2BF360-69F6-406F-A89D-77B0F9A92C04}.Debug|Win32.ActiveCfg = Debug|Win32
		{BE2BF360-69F6-406F-A89D-77B0F9A92C04}.Debug|Win32.Build.0 = Debug|Win32
		{BE2BF360-69F6-406F-A89D-77B0F9A92C04}.Release|Win32.ActiveCfg = Release|Win32
		{BE2BF360-69F6-406F-A89D-77B0F9A92C04}.Release|Win32.Build.0 = Release|Win32
		{A5591A27-B27A-4FF2-88E6-E6C534C96E02}.Debug|Win32.ActiveCfg = Debug|Win32
		{A5591A27-B27A-4FF2-88E6-E6C534C96E02}.Debug|Win32.Build.0 = Debug|Win32
		{A5591A27-B27A-4FF2-88E6-E6C534C96E02}.Release|Win32.ActiveCfg = Release|Win32
		{A5591A27-B27A-4FF2-88E6-E6C534C96E02}.Release|Win32.Build.0 = Release|Win32
		{FFAC27EA-E43A-4A78-924D-41E868A4F27F}.Debug|Win32.ActiveCfg = Debug|Win32
		{FFAC27EA-E43A-4A78-924D-41E868A4F27F}.Debug|Win32.Build.0 = Debug|Win32
		{FFAC27EA-E43A-4A78-924D-41E868A4F27F}.Release|Win32.ActiveCfg = Release|Win32
		{FFAC27EA-E43A-4A78-924D-41E868A4F27F}.Release|Win32.Build.0 = Release|Win32
	EndGlobalSection
	GlobalSection(SolutionProperties) = preSolution
		HideSolutionNode = FALSE
	EndGlobalSection
EndGlobal
