<?xml version="1.0" encoding="UTF-8" standalone="yes" ?>
<CodeBlocks_project_file>
	<FileVersion major="1" minor="6" />
	<Project>
		<Option title="test-uglib-cxx" />
		<Option pch_mode="2" />
		<Option compiler="gcc" />
		<Build>
			<Target title="Debug">
				<Option output="Debug/test-uglib-cxx" prefix_auto="1" extension_auto="1" />
				<Option object_output="Debug/" />
				<Option type="1" />
				<Option compiler="gcc" />
				<Compiler>
					<Add option="-g" />
					<Add option="-std=c++11" />
				</Compiler>
				<Linker>
					<Add directory="Debug" />
				</Linker>
			</Target>
			<Target title="Release">
				<Option output="Release/test-uglib-cxx" prefix_auto="1" extension_auto="1" />
				<Option object_output="Release/" />
				<Option type="1" />
				<Option compiler="gcc" />
				<Compiler>
					<Add option="-O2" />
					<Add option="-std=c++11" />
				</Compiler>
				<Linker>
					<Add option="-s" />
					<Add directory="Release" />
				</Linker>
			</Target>
		</Build>
		<Compiler>
			<Add option="-std=c++11" />
			<Add option="-Wall" />
			<Add option="-DHAVE_GLIB" />
			<Add directory="../../uglib" />
			<Add directory="D:/devpack/gtk3/include/glib-2.0" />
			<Add directory="D:/devpack/gtk3/lib/glib-2.0/include" />
		</Compiler>
		<Linker>
			<Add library="libuglib.a" />
			<Add library="glib-2.0.dll" />
			<Add directory="D:/devpack/gtk3/lib" />
		</Linker>
		<Unit filename="../../tests/test-uglib-cxx.cxx">
			<Option compilerVar="CC" />
		</Unit>
		<Extensions>
			<code_completion />
			<debugger />
		</Extensions>
	</Project>
</CodeBlocks_project_file>
