<?xml version="1.0" encoding="UTF-8" standalone="yes" ?>
<CodeBlocks_project_file>
	<FileVersion major="1" minor="6" />
	<Project>
		<Option title="uget" />
		<Option pch_mode="2" />
		<Option compiler="gcc" />
		<Build>
			<Target title="Debug">
				<Option output="Debug/uget" prefix_auto="1" extension_auto="1" />
				<Option working_dir="" />
				<Option object_output="Debug/" />
				<Option type="2" />
				<Option compiler="gcc" />
				<Compiler>
					<Add option="-g" />
				</Compiler>
			</Target>
			<Target title="Release">
				<Option output="Release/uget" prefix_auto="1" extension_auto="1" />
				<Option working_dir="" />
				<Option object_output="Release/" />
				<Option type="2" />
				<Option compiler="gcc" />
				<Compiler>
					<Add option="-O2" />
					<Add option="-DNDEBUG" />
				</Compiler>
				<Linker>
					<Add option="-s" />
				</Linker>
			</Target>
		</Build>
		<Compiler>
			<Add option="-Wall" />
			<Add option="-DHAVE_GLIB" />
			<Add directory="../../uglib" />
			<Add directory="../../uget" />
			<Add directory="D:/msys64/mingw32/include" />
			<Add directory="D:/msys64/mingw32/include/glib-2.0" />
			<Add directory="D:/msys64/mingw32/lib/glib-2.0/include" />
		</Compiler>
		<Linker>
			<Add library="curl.dll" />
			<Add directory="D:/msys64/mingw32/lib" />
		</Linker>
		<Unit filename="../../uget/UgetA2cf.c">
			<Option compilerVar="CC" />
		</Unit>
		<Unit filename="../../uget/UgetA2cf.h" />
		<Unit filename="../../uget/UgetApp.c">
			<Option compilerVar="CC" />
		</Unit>
		<Unit filename="../../uget/UgetApp.h" />
		<Unit filename="../../uget/UgetAria2.c">
			<Option compilerVar="CC" />
		</Unit>
		<Unit filename="../../uget/UgetAria2.h" />
		<Unit filename="../../uget/UgetCurl.c">
			<Option compilerVar="CC" />
		</Unit>
		<Unit filename="../../uget/UgetCurl.h" />
		<Unit filename="../../uget/UgetData.c">
			<Option compilerVar="CC" />
		</Unit>
		<Unit filename="../../uget/UgetData.h" />
		<Unit filename="../../uget/UgetEvent.c">
			<Option compilerVar="CC" />
		</Unit>
		<Unit filename="../../uget/UgetEvent.h" />
		<Unit filename="../../uget/UgetFiles.c">
			<Option compilerVar="CC" />
		</Unit>
		<Unit filename="../../uget/UgetFiles.h" />
		<Unit filename="../../uget/UgetHash.c">
			<Option compilerVar="CC" />
		</Unit>
		<Unit filename="../../uget/UgetHash.h" />
		<Unit filename="../../uget/UgetMedia-youtube.c">
			<Option compilerVar="CC" />
		</Unit>
		<Unit filename="../../uget/UgetMedia.c">
			<Option compilerVar="CC" />
		</Unit>
		<Unit filename="../../uget/UgetMedia.h" />
		<Unit filename="../../uget/UgetNode-compare.c">
			<Option compilerVar="CC" />
		</Unit>
		<Unit filename="../../uget/UgetNode-filter.c">
			<Option compilerVar="CC" />
		</Unit>
		<Unit filename="../../uget/UgetNode.c">
			<Option compilerVar="CC" />
		</Unit>
		<Unit filename="../../uget/UgetNode.h" />
		<Unit filename="../../uget/UgetOption.c">
			<Option compilerVar="CC" />
		</Unit>
		<Unit filename="../../uget/UgetOption.h" />
		<Unit filename="../../uget/UgetPlugin.c">
			<Option compilerVar="CC" />
		</Unit>
		<Unit filename="../../uget/UgetPlugin.h" />
		<Unit filename="../../uget/UgetPluginAgent.c">
			<Option compilerVar="CC" />
		</Unit>
		<Unit filename="../../uget/UgetPluginAgent.h" />
		<Unit filename="../../uget/UgetPluginAria2.c">
			<Option compilerVar="CC" />
		</Unit>
		<Unit filename="../../uget/UgetPluginAria2.h" />
		<Unit filename="../../uget/UgetPluginCurl.c">
			<Option compilerVar="CC" />
		</Unit>
		<Unit filename="../../uget/UgetPluginCurl.h" />
		<Unit filename="../../uget/UgetPluginEmpty.c">
			<Option compilerVar="CC" />
		</Unit>
		<Unit filename="../../uget/UgetPluginEmpty.h" />
		<Unit filename="../../uget/UgetPluginMedia.c">
			<Option compilerVar="CC" />
		</Unit>
		<Unit filename="../../uget/UgetPluginMedia.h" />
		<Unit filename="../../uget/UgetPluginMega.c">
			<Option compilerVar="CC" />
		</Unit>
		<Unit filename="../../uget/UgetPluginMega.h" />
		<Unit filename="../../uget/UgetRpc.c">
			<Option compilerVar="CC" />
		</Unit>
		<Unit filename="../../uget/UgetRpc.h" />
		<Unit filename="../../uget/UgetRss.c">
			<Option compilerVar="CC" />
		</Unit>
		<Unit filename="../../uget/UgetRss.h" />
		<Unit filename="../../uget/UgetSequence.c">
			<Option compilerVar="CC" />
		</Unit>
		<Unit filename="../../uget/UgetSequence.h" />
		<Unit filename="../../uget/UgetSite.c">
			<Option compilerVar="CC" />
		</Unit>
		<Unit filename="../../uget/UgetSite.h" />
		<Unit filename="../../uget/UgetTask.c">
			<Option compilerVar="CC" />
		</Unit>
		<Unit filename="../../uget/UgetTask.h" />
		<Extensions>
			<code_completion />
			<debugger />
			<envvars />
		</Extensions>
	</Project>
</CodeBlocks_project_file>
