<?xml version="1.0" encoding="UTF-8" standalone="yes" ?>
<CodeBlocks_project_file>
	<FileVersion major="1" minor="6" />
	<Project>
		<Option title="uglib" />
		<Option pch_mode="2" />
		<Option compiler="gcc" />
		<Build>
			<Target title="Debug">
				<Option output="Debug/uglib" prefix_auto="1" extension_auto="1" />
				<Option working_dir="" />
				<Option object_output="Debug/" />
				<Option type="2" />
				<Option compiler="gcc" />
				<Compiler>
					<Add option="-g" />
				</Compiler>
			</Target>
			<Target title="Release">
				<Option output="Release/uglib" prefix_auto="1" extension_auto="1" />
				<Option working_dir="" />
				<Option object_output="Release/" />
				<Option type="2" />
				<Option compiler="gcc" />
				<Compiler>
					<Add option="-O2" />
				</Compiler>
				<Linker>
					<Add option="-s" />
				</Linker>
			</Target>
		</Build>
		<Compiler>
			<Add option="-Wall" />
			<Add option="-DHAVE_GLIB" />
			<Add directory="../../uglib" />
			<Add directory="D:/devpack/curl-mingw/include" />
			<Add directory="D:/devpack/gtk3/include" />
			<Add directory="D:/devpack/gtk3/include/glib-2.0" />
			<Add directory="D:/devpack/gtk3/lib/glib-2.0/include" />
		</Compiler>
		<Linker>
			<Add library="curldll" />
			<Add directory="D:/devpack/curl-mingw/lib" />
		</Linker>
		<Unit filename="../../uglib/UgArray.c">
			<Option compilerVar="CC" />
		</Unit>
		<Unit filename="../../uglib/UgArray.h" />
		<Unit filename="../../uglib/UgBuffer.c">
			<Option compilerVar="CC" />
		</Unit>
		<Unit filename="../../uglib/UgBuffer.h" />
		<Unit filename="../../uglib/UgData.c">
			<Option compilerVar="CC" />
		</Unit>
		<Unit filename="../../uglib/UgData.h" />
		<Unit filename="../../uglib/UgDefine.h" />
		<Unit filename="../../uglib/UgEntry.c">
			<Option compilerVar="CC" />
		</Unit>
		<Unit filename="../../uglib/UgEntry.h" />
		<Unit filename="../../uglib/UgFileUtil.c">
			<Option compilerVar="CC" />
		</Unit>
		<Unit filename="../../uglib/UgFileUtil.h" />
		<Unit filename="../../uglib/UgHtml.c">
			<Option compilerVar="CC" />
		</Unit>
		<Unit filename="../../uglib/UgHtml.h" />
		<Unit filename="../../uglib/UgHtmlEntry.c">
			<Option compilerVar="CC" />
		</Unit>
		<Unit filename="../../uglib/UgHtmlEntry.h" />
		<Unit filename="../../uglib/UgHtmlFilter.c">
			<Option compilerVar="CC" />
		</Unit>
		<Unit filename="../../uglib/UgHtmlFilter.h" />
		<Unit filename="../../uglib/UgInfo.c">
			<Option compilerVar="CC" />
		</Unit>
		<Unit filename="../../uglib/UgInfo.h" />
		<Unit filename="../../uglib/UgJson-custom.c">
			<Option compilerVar="CC" />
		</Unit>
		<Unit filename="../../uglib/UgJson-custom.h" />
		<Unit filename="../../uglib/UgJson.c">
			<Option compilerVar="CC" />
		</Unit>
		<Unit filename="../../uglib/UgJson.h" />
		<Unit filename="../../uglib/UgJsonFile.c">
			<Option compilerVar="CC" />
		</Unit>
		<Unit filename="../../uglib/UgJsonFile.h" />
		<Unit filename="../../uglib/UgJsonrpc.c">
			<Option compilerVar="CC" />
		</Unit>
		<Unit filename="../../uglib/UgJsonrpc.h" />
		<Unit filename="../../uglib/UgJsonrpcCurl.c">
			<Option compilerVar="CC" />
		</Unit>
		<Unit filename="../../uglib/UgJsonrpcCurl.h" />
		<Unit filename="../../uglib/UgJsonrpcSocket.c">
			<Option compilerVar="CC" />
		</Unit>
		<Unit filename="../../uglib/UgJsonrpcSocket.h" />
		<Unit filename="../../uglib/UgList.c">
			<Option compilerVar="CC" />
		</Unit>
		<Unit filename="../../uglib/UgList.h" />
		<Unit filename="../../uglib/UgNode.c">
			<Option compilerVar="CC" />
		</Unit>
		<Unit filename="../../uglib/UgNode.h" />
		<Unit filename="../../uglib/UgOption.c">
			<Option compilerVar="CC" />
		</Unit>
		<Unit filename="../../uglib/UgOption.h" />
		<Unit filename="../../uglib/UgRegistry.c">
			<Option compilerVar="CC" />
		</Unit>
		<Unit filename="../../uglib/UgRegistry.h" />
		<Unit filename="../../uglib/UgSLink.c">
			<Option compilerVar="CC" />
		</Unit>
		<Unit filename="../../uglib/UgSLink.h" />
		<Unit filename="../../uglib/UgSocket.c">
			<Option compilerVar="CC" />
		</Unit>
		<Unit filename="../../uglib/UgSocket.h" />
		<Unit filename="../../uglib/UgStdio.c">
			<Option compilerVar="CC" />
		</Unit>
		<Unit filename="../../uglib/UgStdio.h" />
		<Unit filename="../../uglib/UgString.c">
			<Option compilerVar="CC" />
		</Unit>
		<Unit filename="../../uglib/UgString.h" />
		<Unit filename="../../uglib/UgThread.c">
			<Option compilerVar="CC" />
		</Unit>
		<Unit filename="../../uglib/UgThread.h" />
		<Unit filename="../../uglib/UgUri.c">
			<Option compilerVar="CC" />
		</Unit>
		<Unit filename="../../uglib/UgUri.h" />
		<Unit filename="../../uglib/UgUtil.c">
			<Option compilerVar="CC" />
		</Unit>
		<Unit filename="../../uglib/UgUtil.h" />
		<Unit filename="../../uglib/UgValue.c">
			<Option compilerVar="CC" />
		</Unit>
		<Unit filename="../../uglib/UgValue.h" />
		<Extensions>
			<code_completion />
			<debugger />
			<envvars />
		</Extensions>
	</Project>
</CodeBlocks_project_file>
