<?xml version="1.0" encoding="UTF-8" standalone="yes" ?>
<CodeBlocks_project_file>
	<FileVersion major="1" minor="6" />
	<Project>
		<Option title="ui-gtk-1to2" />
		<Option platforms="Windows;" />
		<Option pch_mode="2" />
		<Option compiler="gcc" />
		<Build>
			<Target title="Debug">
				<Option output="Debug/uget-1to2" prefix_auto="1" extension_auto="1" />
				<Option object_output="Debug/" />
				<Option type="1" />
				<Option compiler="gcc" />
				<Option use_console_runner="0" />
				<Compiler>
					<Add option="-g" />
				</Compiler>
				<Linker>
					<Add library="Debug\ui-gtk\UgtkSetting.o" />
					<Add directory="Debug" />
				</Linker>
			</Target>
			<Target title="Release">
				<Option output="Release/uget-1to2" prefix_auto="1" extension_auto="1" />
				<Option object_output="Release/" />
				<Option type="1" />
				<Option compiler="gcc" />
				<Option use_console_runner="0" />
				<Compiler>
					<Add option="-O2" />
					<Add option="-D_WINDOWS" />
					<Add option="-DNDEBUG" />
				</Compiler>
				<Linker>
					<Add option="-s" />
					<Add library="Release\ui-gtk\UgtkSetting.o" />
					<Add directory="Release" />
				</Linker>
			</Target>
		</Build>
		<Compiler>
			<Add option="-Wall" />
			<Add option="-mms-bitfields" />
			<Add option="-DHAVE_GLIB" />
			<Add directory="D:/msys64/mingw32/include" />
			<Add directory="D:/msys64/mingw32/include/glib-2.0" />
			<Add directory="D:/msys64/mingw32/lib/glib-2.0/include" />
			<Add directory="D:/msys64/mingw32/include/gtk-3.0" />
			<Add directory="D:/msys64/mingw32/lib/gtk-3.0/include" />
			<Add directory="D:/msys64/mingw32/include/gdk-pixbuf-2.0" />
			<Add directory="D:/msys64/mingw32/include/pango-1.0" />
			<Add directory="D:/msys64/mingw32/include/atk-1.0" />
			<Add directory="D:/msys64/mingw32/include/cairo" />
			<Add directory="../../uglib" />
			<Add directory="../../uget" />
			<Add directory="../../ui-gtk" />
		</Compiler>
		<Linker>
			<Add library="uget" />
			<Add library="uglib" />
			<Add library="glib-2.0.dll" />
			<Add library="intl.dll" />
			<Add directory="D:/msys64/mingw32/lib" />
		</Linker>
		<Unit filename="../../ui-gtk-1to2/UgCategory.c">
			<Option compilerVar="CC" />
		</Unit>
		<Unit filename="../../ui-gtk-1to2/UgCategory.h" />
		<Unit filename="../../ui-gtk-1to2/UgData-download.c">
			<Option compilerVar="CC" />
		</Unit>
		<Unit filename="../../ui-gtk-1to2/UgData-download.h" />
		<Unit filename="../../ui-gtk-1to2/UgData1.c">
			<Option compilerVar="CC" />
		</Unit>
		<Unit filename="../../ui-gtk-1to2/UgData1.h" />
		<Unit filename="../../ui-gtk-1to2/UgDataset.c">
			<Option compilerVar="CC" />
		</Unit>
		<Unit filename="../../ui-gtk-1to2/UgDataset.h" />
		<Unit filename="../../ui-gtk-1to2/UgMarkup.c">
			<Option compilerVar="CC" />
		</Unit>
		<Unit filename="../../ui-gtk-1to2/UgMarkup.h" />
		<Unit filename="../../ui-gtk-1to2/UgRegistry1.c">
			<Option compilerVar="CC" />
		</Unit>
		<Unit filename="../../ui-gtk-1to2/UgRegistry1.h" />
		<Unit filename="../../ui-gtk-1to2/UgSetting.c">
			<Option compilerVar="CC" />
		</Unit>
		<Unit filename="../../ui-gtk-1to2/UgSetting.h" />
		<Unit filename="../../ui-gtk-1to2/Ugtk1to2.c">
			<Option compilerVar="CC" />
		</Unit>
		<Unit filename="../../ui-gtk-1to2/Ugtk1to2.h" />
		<Unit filename="../../ui-gtk-1to2/main.c">
			<Option compilerVar="CC" />
		</Unit>
		<Extensions>
			<code_completion />
			<debugger />
			<envvars />
		</Extensions>
	</Project>
</CodeBlocks_project_file>
